
Microsoft Visual Studio Solution File, Format Version 12.00
# Visual Studio 15
VisualStudioVersion = 15.0.27004.2006
MinimumVisualStudioVersion = 10.0.40219.1
Project("{FAE04EC0-301F-11D3-BF4B-00C04F79EFBC}") = "cnsql", "cnsql\cnsql.csproj", "{2FB76C39-154E-4DCC-B680-EB6B3B4FAFB4}"
EndProject
Global
	GlobalSection(SolutionConfigurationPlatforms) = preSolution
		Debug|Any CPU = Debug|Any CPU
		Release|Any CPU = Release|Any CPU
	EndGlobalSection
	GlobalSection(ProjectConfigurationPlatforms) = postSolution
		{2FB76C39-154E-4DCC-B680-EB6B3B4FAFB4}.Debug|Any CPU.ActiveCfg = Debug|Any CPU
		{2FB76C39-154E-4DCC-B680-EB6B3B4FAFB4}.Debug|Any CPU.Build.0 = Debug|Any CPU
		{2FB76C39-154E-4DCC-B680-EB6B3B4FAFB4}.Release|Any CPU.ActiveCfg = Release|Any CPU
		{2FB76C39-154E-4DCC-B680-EB6B3B4FAFB4}.Release|Any CPU.Build.0 = Release|Any CPU
	EndGlobalSection
	GlobalSection(SolutionProperties) = preSolution
		HideSolutionNode = FALSE
	EndGlobalSection
	GlobalSection(ExtensibilityGlobals) = postSolution
		SolutionGuid = {626E0B89-86A6-4C1A-A3AE-2AAA6E24DA6D}
	EndGlobalSection
EndGlobal
