
Microsoft Visual Studio Solution File, Format Version 12.00
# Visual Studio 15
VisualStudioVersion = 15.0.27004.2005
MinimumVisualStudioVersion = 10.0.40219.1
Project("{FAE04EC0-301F-11D3-BF4B-00C04F79EFBC}") = "ejemplo3", "ejemplo3\ejemplo3.csproj", "{28BC5373-21A4-4D0D-BF9C-876446E3C99A}"
EndProject
Global
	GlobalSection(SolutionConfigurationPlatforms) = preSolution
		Debug|Any CPU = Debug|Any CPU
		Release|Any CPU = Release|Any CPU
	EndGlobalSection
	GlobalSection(ProjectConfigurationPlatforms) = postSolution
		{28BC5373-21A4-4D0D-BF9C-876446E3C99A}.Debug|Any CPU.ActiveCfg = Debug|Any CPU
		{28BC5373-21A4-4D0D-BF9C-876446E3C99A}.Debug|Any CPU.Build.0 = Debug|Any CPU
		{28BC5373-21A4-4D0D-BF9C-876446E3C99A}.Release|Any CPU.ActiveCfg = Release|Any CPU
		{28BC5373-21A4-4D0D-BF9C-876446E3C99A}.Release|Any CPU.Build.0 = Release|Any CPU
	EndGlobalSection
	GlobalSection(SolutionProperties) = preSolution
		HideSolutionNode = FALSE
	EndGlobalSection
	GlobalSection(ExtensibilityGlobals) = postSolution
		SolutionGuid = {221BE8D7-AFA1-487C-A786-F371610C0A12}
	EndGlobalSection
EndGlobal
