
Microsoft Visual Studio Solution File, Format Version 12.00
# Visual Studio 15
VisualStudioVersion = 15.0.27004.2006
MinimumVisualStudioVersion = 10.0.40219.1
Project("{FAE04EC0-301F-11D3-BF4B-00C04F79EFBC}") = "interfaces", "interfaces\interfaces.csproj", "{4208ECAE-58C6-48D2-A6FD-301DC9D9BDB2}"
EndProject
Global
	GlobalSection(SolutionConfigurationPlatforms) = preSolution
		Debug|Any CPU = Debug|Any CPU
		Release|Any CPU = Release|Any CPU
	EndGlobalSection
	GlobalSection(ProjectConfigurationPlatforms) = postSolution
		{4208ECAE-58C6-48D2-A6FD-301DC9D9BDB2}.Debug|Any CPU.ActiveCfg = Debug|Any CPU
		{4208ECAE-58C6-48D2-A6FD-301DC9D9BDB2}.Debug|Any CPU.Build.0 = Debug|Any CPU
		{4208ECAE-58C6-48D2-A6FD-301DC9D9BDB2}.Release|Any CPU.ActiveCfg = Release|Any CPU
		{4208ECAE-58C6-48D2-A6FD-301DC9D9BDB2}.Release|Any CPU.Build.0 = Release|Any CPU
	EndGlobalSection
	GlobalSection(SolutionProperties) = preSolution
		HideSolutionNode = FALSE
	EndGlobalSection
	GlobalSection(ExtensibilityGlobals) = postSolution
		SolutionGuid = {A3FC52BE-39A8-4CF3-AF42-B0EE34BC2EF2}
	EndGlobalSection
EndGlobal
