
Microsoft Visual Studio Solution File, Format Version 12.00
# Visual Studio 15
VisualStudioVersion = 15.0.27004.2006
MinimumVisualStudioVersion = 10.0.40219.1
Project("{FAE04EC0-301F-11D3-BF4B-00C04F79EFBC}") = "Enumeradores", "Enumeradores\Enumeradores.csproj", "{AB353449-104A-41DD-B450-6368257B81F3}"
EndProject
Global
	GlobalSection(SolutionConfigurationPlatforms) = preSolution
		Debug|Any CPU = Debug|Any CPU
		Release|Any CPU = Release|Any CPU
	EndGlobalSection
	GlobalSection(ProjectConfigurationPlatforms) = postSolution
		{AB353449-104A-41DD-B450-6368257B81F3}.Debug|Any CPU.ActiveCfg = Debug|Any CPU
		{AB353449-104A-41DD-B450-6368257B81F3}.Debug|Any CPU.Build.0 = Debug|Any CPU
		{AB353449-104A-41DD-B450-6368257B81F3}.Release|Any CPU.ActiveCfg = Release|Any CPU
		{AB353449-104A-41DD-B450-6368257B81F3}.Release|Any CPU.Build.0 = Release|Any CPU
	EndGlobalSection
	GlobalSection(SolutionProperties) = preSolution
		HideSolutionNode = FALSE
	EndGlobalSection
	GlobalSection(ExtensibilityGlobals) = postSolution
		SolutionGuid = {4BC9FB18-21A3-4F50-96B4-2AFDBD4E48A9}
	EndGlobalSection
EndGlobal
