
Microsoft Visual Studio Solution File, Format Version 12.00
# Visual Studio 15
VisualStudioVersion = 15.0.27004.2005
MinimumVisualStudioVersion = 10.0.40219.1
Project("{FAE04EC0-301F-11D3-BF4B-00C04F79EFBC}") = "ejemplo2", "ejemplo2\ejemplo2.csproj", "{8E176C00-D9D3-4A1B-84EF-D03FDDA991F9}"
EndProject
Global
	GlobalSection(SolutionConfigurationPlatforms) = preSolution
		Debug|Any CPU = Debug|Any CPU
		Release|Any CPU = Release|Any CPU
	EndGlobalSection
	GlobalSection(ProjectConfigurationPlatforms) = postSolution
		{8E176C00-D9D3-4A1B-84EF-D03FDDA991F9}.Debug|Any CPU.ActiveCfg = Debug|Any CPU
		{8E176C00-D9D3-4A1B-84EF-D03FDDA991F9}.Debug|Any CPU.Build.0 = Debug|Any CPU
		{8E176C00-D9D3-4A1B-84EF-D03FDDA991F9}.Release|Any CPU.ActiveCfg = Release|Any CPU
		{8E176C00-D9D3-4A1B-84EF-D03FDDA991F9}.Release|Any CPU.Build.0 = Release|Any CPU
	EndGlobalSection
	GlobalSection(SolutionProperties) = preSolution
		HideSolutionNode = FALSE
	EndGlobalSection
	GlobalSection(ExtensibilityGlobals) = postSolution
		SolutionGuid = {82F6F231-5707-47F4-A744-E41C57054107}
	EndGlobalSection
EndGlobal
